
Microsoft Visual Studio Solution File, Format Version 12.00
# Visual Studio 15
VisualStudioVersion = 15.0.28307.1022
MinimumVisualStudioVersion = 10.0.40219.1
Project("{FAE04EC0-301F-11D3-BF4B-00C04F79EFBC}") = "PostComment", "PostComent\PostComment.csproj", "{322251B5-E879-4B0A-9B05-52CFCB30F560}"
EndProject
Global
	GlobalSection(SolutionConfigurationPlatforms) = preSolution
		Debug|Any CPU = Debug|Any CPU
		Release|Any CPU = Release|Any CPU
	EndGlobalSection
	GlobalSection(ProjectConfigurationPlatforms) = postSolution
		{322251B5-E879-4B0A-9B05-52CFCB30F560}.Debug|Any CPU.ActiveCfg = Debug|Any CPU
		{322251B5-E879-4B0A-9B05-52CFCB30F560}.Debug|Any CPU.Build.0 = Debug|Any CPU
		{322251B5-E879-4B0A-9B05-52CFCB30F560}.Release|Any CPU.ActiveCfg = Release|Any CPU
		{322251B5-E879-4B0A-9B05-52CFCB30F560}.Release|Any CPU.Build.0 = Release|Any CPU
	EndGlobalSection
	GlobalSection(SolutionProperties) = preSolution
		HideSolutionNode = FALSE
	EndGlobalSection
	GlobalSection(ExtensibilityGlobals) = postSolution
		SolutionGuid = {27D051BE-2CAF-489B-8DB9-D13B1CDBACD4}
	EndGlobalSection
EndGlobal
